
Microsoft Visual Studio Solution File, Format Version 12.00
# 17
VisualStudioVersion = 17.10.34928.147
MinimumVisualStudioVersion = 10.0.40219.1
Project("{9A19103F-16F7-4668-BE54-9A1E7A4F7556}") = "ShooterLink", "src\ShooterLink.csproj", "{1A7B7DD2-3907-4D39-B8CA-260183AA74E2}"
EndProject
Project("{FAE04EC0-301F-11D3-BF4B-00C04F79EFBC}") = "ShooterLink.UnitTests", "tests\ShooterLink.UnitTests\ShooterLink.UnitTests.csproj", "{63BF8CE1-65E3-427A-8D4B-4DDE49604684}"
EndProject
Global
	GlobalSection(SolutionConfigurationPlatforms) = preSolution
		Debug|Any CPU = Debug|Any CPU
		Release|Any CPU = Release|Any CPU
	EndGlobalSection
	GlobalSection(ProjectConfigurationPlatforms) = postSolution
		{1A7B7DD2-3907-4D39-B8CA-260183AA74E2}.Debug|Any CPU.ActiveCfg = Debug|Any CPU
		{1A7B7DD2-3907-4D39-B8CA-260183AA74E2}.Debug|Any CPU.Build.0 = Debug|Any CPU
		{1A7B7DD2-3907-4D39-B8CA-260183AA74E2}.Release|Any CPU.ActiveCfg = Release|Any CPU
		{1A7B7DD2-3907-4D39-B8CA-260183AA74E2}.Release|Any CPU.Build.0 = Release|Any CPU
		{63BF8CE1-65E3-427A-8D4B-4DDE49604684}.Debug|Any CPU.ActiveCfg = Debug|Any CPU
		{63BF8CE1-65E3-427A-8D4B-4DDE49604684}.Debug|Any CPU.Build.0 = Debug|Any CPU
		{63BF8CE1-65E3-427A-8D4B-4DDE49604684}.Release|Any CPU.ActiveCfg = Release|Any CPU
		{63BF8CE1-65E3-427A-8D4B-4DDE49604684}.Release|Any CPU.Build.0 = Release|Any CPU
	EndGlobalSection
	GlobalSection(SolutionProperties) = preSolution
		HideSolutionNode = FALSE
	EndGlobalSection
	GlobalSection(ExtensibilityGlobals) = postSolution
		SolutionGuid = {F247C16A-D61C-4673-AF8E-905C7BB1F502}
	EndGlobalSection
EndGlobal
